// !$*UTF8*$!
{
	archiveVersion = 1;
	classes = {
	};
	objectVersion = 46;
	objects = {

/* Begin PBXBuildFile section */
		EA00B4CD1A3ADDB6001EBE17 /* TaskDetailViewController.swift in Sources */ = {isa = PBXBuildFile; fileRef = EA00B4CC1A3ADDB6001EBE17 /* TaskDetailViewController.swift */; };
		EA00B4CF1A3B3ADB001EBE17 /* Date.swift in Sources */ = {isa = PBXBuildFile; fileRef = EA00B4CE1A3B3ADB001EBE17 /* Date.swift */; };
		EA30AEE01A38C4AD00344053 /* TaskCell.swift in Sources */ = {isa = PBXBuildFile; fileRef = EA30AEDF1A38C4AD00344053 /* TaskCell.swift */; };
		EAA355351A36572900048013 /* AppDelegate.swift in Sources */ = {isa = PBXBuildFile; fileRef = EAA355341A36572900048013 /* AppDelegate.swift */; };
		EAA355371A36572900048013 /* ViewController.swift in Sources */ = {isa = PBXBuildFile; fileRef = EAA355361A36572900048013 /* ViewController.swift */; };
		EAA3553C1A36572900048013 /* Images.xcassets in Resources */ = {isa = PBXBuildFile; fileRef = EAA3553B1A36572900048013 /* Images.xcassets */; };
		EAA3553F1A36572900048013 /* LaunchScreen.xib in Resources */ = {isa = PBXBuildFile; fileRef = EAA3553D1A36572900048013 /* LaunchScreen.xib */; };
		EAA3554B1A36572A00048013 /* TaskItTests.swift in Sources */ = {isa = PBXBuildFile; fileRef = EAA3554A1A36572A00048013 /* TaskItTests.swift */; };
		EAE660831A3B611300EC0AB6 /* Main.storyboard in Resources */ = {isa = PBXBuildFile; fileRef = EAE660821A3B611300EC0AB6 /* Main.storyboard */; };
		EAE660851A3B64A500EC0AB6 /* AddTaskViewController.swift in Sources */ = {isa = PBXBuildFile; fileRef = EAE660841A3B64A500EC0AB6 /* AddTaskViewController.swift */; };
		EAFC8FF71A3DFCD600915D2B /* CoreData.framework in Frameworks */ = {isa = PBXBuildFile; fileRef = EAFC8FF61A3DFCD600915D2B /* CoreData.framework */; settings = {ATTRIBUTES = (Required, ); }; };
		EAFC8FFA1A3DFE9B00915D2B /* TaskItModel.xcdatamodeld in Sources */ = {isa = PBXBuildFile; fileRef = EAFC8FF81A3DFE9B00915D2B /* TaskItModel.xcdatamodeld */; };
		EAFC8FFC1A3DFFA600915D2B /* TaskModel.swift in Sources */ = {isa = PBXBuildFile; fileRef = EAFC8FFB1A3DFFA600915D2B /* TaskModel.swift */; };
/* End PBXBuildFile section */

/* Begin PBXContainerItemProxy section */
		EAA355451A36572A00048013 /* PBXContainerItemProxy */ = {
			isa = PBXContainerItemProxy;
			containerPortal = EAA355271A36572900048013 /* Project object */;
			proxyType = 1;
			remoteGlobalIDString = EAA3552E1A36572900048013;
			remoteInfo = TaskIt;
		};
/* End PBXContainerItemProxy section */

/* Begin PBXFileReference section */
		EA00B4CC1A3ADDB6001EBE17 /* TaskDetailViewController.swift */ = {isa = PBXFileReference; fileEncoding = 4; lastKnownFileType = sourcecode.swift; path = TaskDetailViewController.swift; sourceTree = "<group>"; };
		EA00B4CE1A3B3ADB001EBE17 /* Date.swift */ = {isa = PBXFileReference; fileEncoding = 4; lastKnownFileType = sourcecode.swift; path = Date.swift; sourceTree = "<group>"; };
		EA30AEDF1A38C4AD00344053 /* TaskCell.swift */ = {isa = PBXFileReference; fileEncoding = 4; lastKnownFileType = sourcecode.swift; name = TaskCell.swift; path = ../TaskCell.swift; sourceTree = "<group>"; };
		EAA3552F1A36572900048013 /* TaskIt.app */ = {isa = PBXFileReference; explicitFileType = wrapper.application; includeInIndex = 0; path = TaskIt.app; sourceTree = BUILT_PRODUCTS_DIR; };
		EAA355331A36572900048013 /* Info.plist */ = {isa = PBXFileReference; lastKnownFileType = text.plist.xml; path = Info.plist; sourceTree = "<group>"; };
		EAA355341A36572900048013 /* AppDelegate.swift */ = {isa = PBXFileReference; lastKnownFileType = sourcecode.swift; path = AppDelegate.swift; sourceTree = "<group>"; };
		EAA355361A36572900048013 /* ViewController.swift */ = {isa = PBXFileReference; lastKnownFileType = sourcecode.swift; path = ViewController.swift; sourceTree = "<group>"; };
		EAA3553B1A36572900048013 /* Images.xcassets */ = {isa = PBXFileReference; lastKnownFileType = folder.assetcatalog; path = Images.xcassets; sourceTree = "<group>"; };
		EAA3553E1A36572900048013 /* Base */ = {isa = PBXFileReference; lastKnownFileType = file.xib; name = Base; path = Base.lproj/LaunchScreen.xib; sourceTree = "<group>"; };
		EAA355441A36572A00048013 /* TaskItTests.xctest */ = {isa = PBXFileReference; explicitFileType = wrapper.cfbundle; includeInIndex = 0; path = TaskItTests.xctest; sourceTree = BUILT_PRODUCTS_DIR; };
		EAA355491A36572A00048013 /* Info.plist */ = {isa = PBXFileReference; lastKnownFileType = text.plist.xml; path = Info.plist; sourceTree = "<group>"; };
		EAA3554A1A36572A00048013 /* TaskItTests.swift */ = {isa = PBXFileReference; lastKnownFileType = sourcecode.swift; path = TaskItTests.swift; sourceTree = "<group>"; };
		EAE660821A3B611300EC0AB6 /* Main.storyboard */ = {isa = PBXFileReference; fileEncoding = 4; lastKnownFileType = file.storyboard; path = Main.storyboard; sourceTree = "<group>"; };
		EAE660841A3B64A500EC0AB6 /* AddTaskViewController.swift */ = {isa = PBXFileReference; fileEncoding = 4; lastKnownFileType = sourcecode.swift; path = AddTaskViewController.swift; sourceTree = "<group>"; };
		EAFC8FF61A3DFCD600915D2B /* CoreData.framework */ = {isa = PBXFileReference; lastKnownFileType = wrapper.framework; name = CoreData.framework; path = System/Library/Frameworks/CoreData.framework; sourceTree = SDKROOT; };
		EAFC8FF91A3DFE9B00915D2B /* TaskItModel.xcdatamodel */ = {isa = PBXFileReference; lastKnownFileType = wrapper.xcdatamodel; path = TaskItModel.xcdatamodel; sourceTree = "<group>"; };
		EAFC8FFB1A3DFFA600915D2B /* TaskModel.swift */ = {isa = PBXFileReference; fileEncoding = 4; lastKnownFileType = sourcecode.swift; name = TaskModel.swift; path = ../TaskModel.swift; sourceTree = "<group>"; };
/* End PBXFileReference section */

/* Begin PBXFrameworksBuildPhase section */
		EAA3552C1A36572900048013 /* Frameworks */ = {
			isa = PBXFrameworksBuildPhase;
			buildActionMask = 2147483647;
			files = (
				EAFC8FF71A3DFCD600915D2B /* CoreData.framework in Frameworks */,
			);
			runOnlyForDeploymentPostprocessing = 0;
		};
		EAA355411A36572A00048013 /* Frameworks */ = {
			isa = PBXFrameworksBuildPhase;
			buildActionMask = 2147483647;
			files = (
			);
			runOnlyForDeploymentPostprocessing = 0;
		};
/* End PBXFrameworksBuildPhase section */

/* Begin PBXGroup section */
		EAA355261A36572900048013 = {
			isa = PBXGroup;
			children = (
				EAA355311A36572900048013 /* TaskIt */,
				EAA355471A36572A00048013 /* TaskItTests */,
				EAA355301A36572900048013 /* Products */,
			);
			sourceTree = "<group>";
		};
		EAA355301A36572900048013 /* Products */ = {
			isa = PBXGroup;
			children = (
				EAA3552F1A36572900048013 /* TaskIt.app */,
				EAA355441A36572A00048013 /* TaskItTests.xctest */,
			);
			name = Products;
			sourceTree = "<group>";
		};
		EAA355311A36572900048013 /* TaskIt */ = {
			isa = PBXGroup;
			children = (
				EA30AEDF1A38C4AD00344053 /* TaskCell.swift */,
				EAE660821A3B611300EC0AB6 /* Main.storyboard */,
				EAA355341A36572900048013 /* AppDelegate.swift */,
				EAFC8FF81A3DFE9B00915D2B /* TaskItModel.xcdatamodeld */,
				EAFC8FFB1A3DFFA600915D2B /* TaskModel.swift */,
				EAA355361A36572900048013 /* ViewController.swift */,
				EA00B4CE1A3B3ADB001EBE17 /* Date.swift */,
				EA00B4CC1A3ADDB6001EBE17 /* TaskDetailViewController.swift */,
				EAE660841A3B64A500EC0AB6 /* AddTaskViewController.swift */,
				EAA3553B1A36572900048013 /* Images.xcassets */,
				EAA3553D1A36572900048013 /* LaunchScreen.xib */,
				EAA355321A36572900048013 /* Supporting Files */,
			);
			path = TaskIt;
			sourceTree = "<group>";
		};
		EAA355321A36572900048013 /* Supporting Files */ = {
			isa = PBXGroup;
			children = (
				EAFC8FF61A3DFCD600915D2B /* CoreData.framework */,
				EAA355331A36572900048013 /* Info.plist */,
			);
			name = "Supporting Files";
			sourceTree = "<group>";
		};
		EAA355471A36572A00048013 /* TaskItTests */ = {
			isa = PBXGroup;
			children = (
				EAA3554A1A36572A00048013 /* TaskItTests.swift */,
				EAA355481A36572A00048013 /* Supporting Files */,
			);
			path = TaskItTests;
			sourceTree = "<group>";
		};
		EAA355481A36572A00048013 /* Supporting Files */ = {
			isa = PBXGroup;
			children = (
				EAA355491A36572A00048013 /* Info.plist */,
			);
			name = "Supporting Files";
			sourceTree = "<group>";
		};
/* End PBXGroup section */

/* Begin PBXNativeTarget section */
		EAA3552E1A36572900048013 /* TaskIt */ = {
			isa = PBXNativeTarget;
			buildConfigurationList = EAA3554E1A36572A00048013 /* Build configuration list for PBXNativeTarget "TaskIt" */;
			buildPhases = (
				EAA3552B1A36572900048013 /* Sources */,
				EAA3552C1A36572900048013 /* Frameworks */,
				EAA3552D1A36572900048013 /* Resources */,
			);
			buildRules = (
			);
			dependencies = (
			);
			name = TaskIt;
			productName = TaskIt;
			productReference = EAA3552F1A36572900048013 /* TaskIt.app */;
			productType = "com.apple.product-type.application";
		};
		EAA355431A36572A00048013 /* TaskItTests */ = {
			isa = PBXNativeTarget;
			buildConfigurationList = EAA355511A36572A00048013 /* Build configuration list for PBXNativeTarget "TaskItTests" */;
			buildPhases = (
				EAA355401A36572A00048013 /* Sources */,
				EAA355411A36572A00048013 /* Frameworks */,
				EAA355421A36572A00048013 /* Resources */,
			);
			buildRules = (
			);
			dependencies = (
				EAA355461A36572A00048013 /* PBXTargetDependency */,
			);
			name = TaskItTests;
			productName = TaskItTests;
			productReference = EAA355441A36572A00048013 /* TaskItTests.xctest */;
			productType = "com.apple.product-type.bundle.unit-test";
		};
/* End PBXNativeTarget section */

/* Begin PBXProject section */
		EAA355271A36572900048013 /* Project object */ = {
			isa = PBXProject;
			attributes = {
				LastUpgradeCheck = 0620;
				ORGANIZATIONNAME = Benobab;
				TargetAttributes = {
					EAA3552E1A36572900048013 = {
						CreatedOnToolsVersion = 6.2;
					};
					EAA355431A36572A00048013 = {
						CreatedOnToolsVersion = 6.2;
						TestTargetID = EAA3552E1A36572900048013;
					};
				};
			};
			buildConfigurationList = EAA3552A1A36572900048013 /* Build configuration list for PBXProject "TaskIt" */;
			compatibilityVersion = "Xcode 3.2";
			developmentRegion = English;
			hasScannedForEncodings = 0;
			knownRegions = (
				en,
				Base,
			);
			mainGroup = EAA355261A36572900048013;
			productRefGroup = EAA355301A36572900048013 /* Products */;
			projectDirPath = "";
			projectRoot = "";
			targets = (
				EAA3552E1A36572900048013 /* TaskIt */,
				EAA355431A36572A00048013 /* TaskItTests */,
			);
		};
/* End PBXProject section */

/* Begin PBXResourcesBuildPhase section */
		EAA3552D1A36572900048013 /* Resources */ = {
			isa = PBXResourcesBuildPhase;
			buildActionMask = 2147483647;
			files = (
				EAE660831A3B611300EC0AB6 /* Main.storyboard in Resources */,
				EAA3553F1A36572900048013 /* LaunchScreen.xib in Resources */,
				EAA3553C1A36572900048013 /* Images.xcassets in Resources */,
			);
			runOnlyForDeploymentPostprocessing = 0;
		};
		EAA355421A36572A00048013 /* Resources */ = {
			isa = PBXResourcesBuildPhase;
			buildActionMask = 2147483647;
			files = (
			);
			runOnlyForDeploymentPostprocessing = 0;
		};
/* End PBXResourcesBuildPhase section */

/* Begin PBXSourcesBuildPhase section */
		EAA3552B1A36572900048013 /* Sources */ = {
			isa = PBXSourcesBuildPhase;
			buildActionMask = 2147483647;
			files = (
				EAA355371A36572900048013 /* ViewController.swift in Sources */,
				EAFC8FFA1A3DFE9B00915D2B /* TaskItModel.xcdatamodeld in Sources */,
				EA00B4CF1A3B3ADB001EBE17 /* Date.swift in Sources */,
				EA30AEE01A38C4AD00344053 /* TaskCell.swift in Sources */,
				EAA355351A36572900048013 /* AppDelegate.swift in Sources */,
				EA00B4CD1A3ADDB6001EBE17 /* TaskDetailViewController.swift in Sources */,
				EAFC8FFC1A3DFFA600915D2B /* TaskModel.swift in Sources */,
				EAE660851A3B64A500EC0AB6 /* AddTaskViewController.swift in Sources */,
			);
			runOnlyForDeploymentPostprocessing = 0;
		};
		EAA355401A36572A00048013 /* Sources */ = {
			isa = PBXSourcesBuildPhase;
			buildActionMask = 2147483647;
			files = (
				EAA3554B1A36572A00048013 /* TaskItTests.swift in Sources */,
			);
			runOnlyForDeploymentPostprocessing = 0;
		};
/* End PBXSourcesBuildPhase section */

/* Begin PBXTargetDependency section */
		EAA355461A36572A00048013 /* PBXTargetDependency */ = {
			isa = PBXTargetDependency;
			target = EAA3552E1A36572900048013 /* TaskIt */;
			targetProxy = EAA355451A36572A00048013 /* PBXContainerItemProxy */;
		};
/* End PBXTargetDependency section */

/* Begin PBXVariantGroup section */
		EAA3553D1A36572900048013 /* LaunchScreen.xib */ = {
			isa = PBXVariantGroup;
			children = (
				EAA3553E1A36572900048013 /* Base */,
			);
			name = LaunchScreen.xib;
			sourceTree = "<group>";
		};
/* End PBXVariantGroup section */

/* Begin XCBuildConfiguration section */
		EAA3554C1A36572A00048013 /* Debug */ = {
			isa = XCBuildConfiguration;
			buildSettings = {
				ALWAYS_SEARCH_USER_PATHS = NO;
				CLANG_CXX_LANGUAGE_STANDARD = "gnu++0x";
				CLANG_CXX_LIBRARY = "libc++";
				CLANG_ENABLE_MODULES = YES;
				CLANG_ENABLE_OBJC_ARC = YES;
				CLANG_WARN_BOOL_CONVERSION = YES;
				CLANG_WARN_CONSTANT_CONVERSION = YES;
				CLANG_WARN_DIRECT_OBJC_ISA_USAGE = YES_ERROR;
				CLANG_WARN_EMPTY_BODY = YES;
				CLANG_WARN_ENUM_CONVERSION = YES;
				CLANG_WARN_INT_CONVERSION = YES;
				CLANG_WARN_OBJC_ROOT_CLASS = YES_ERROR;
				CLANG_WARN_UNREACHABLE_CODE = YES;
				CLANG_WARN__DUPLICATE_METHOD_MATCH = YES;
				"CODE_SIGN_IDENTITY[sdk=iphoneos*]" = "iPhone Developer";
				COPY_PHASE_STRIP = NO;
				ENABLE_STRICT_OBJC_MSGSEND = YES;
				GCC_C_LANGUAGE_STANDARD = gnu99;
				GCC_DYNAMIC_NO_PIC = NO;
				GCC_OPTIMIZATION_LEVEL = 0;
				GCC_PREPROCESSOR_DEFINITIONS = (
					"DEBUG=1",
					"$(inherited)",
				);
				GCC_SYMBOLS_PRIVATE_EXTERN = NO;
				GCC_WARN_64_TO_32_BIT_CONVERSION = YES;
				GCC_WARN_ABOUT_RETURN_TYPE = YES_ERROR;
				GCC_WARN_UNDECLARED_SELECTOR = YES;
				GCC_WARN_UNINITIALIZED_AUTOS = YES_AGGRESSIVE;
				GCC_WARN_UNUSED_FUNCTION = YES;
				GCC_WARN_UNUSED_VARIABLE = YES;
				IPHONEOS_DEPLOYMENT_TARGET = 8.0;
				MTL_ENABLE_DEBUG_INFO = YES;
				ONLY_ACTIVE_ARCH = YES;
				SDKROOT = iphoneos;
				SWIFT_OPTIMIZATION_LEVEL = "-Onone";
				TARGETED_DEVICE_FAMILY = "1,2";
			};
			name = Debug;
		};
		EAA3554D1A36572A00048013 /* Release */ = {
			isa = XCBuildConfiguration;
			buildSettings = {
				ALWAYS_SEARCH_USER_PATHS = NO;
				CLANG_CXX_LANGUAGE_STANDARD = "gnu++0x";
				CLANG_CXX_LIBRARY = "libc++";
				CLANG_ENABLE_MODULES = YES;
				CLANG_ENABLE_OBJC_ARC = YES;
				CLANG_WARN_BOOL_CONVERSION = YES;
				CLANG_WARN_CONSTANT_CONVERSION = YES;
				CLANG_WARN_DIRECT_OBJC_ISA_USAGE = YES_ERROR;
				CLANG_WARN_EMPTY_BODY = YES;
				CLANG_WARN_ENUM_CONVERSION = YES;
				CLANG_WARN_INT_CONVERSION = YES;
				CLANG_WARN_OBJC_ROOT_CLASS = YES_ERROR;
				CLANG_WARN_UNREACHABLE_CODE = YES;
				CLANG_WARN__DUPLICATE_METHOD_MATCH = YES;
				"CODE_SIGN_IDENTITY[sdk=iphoneos*]" = "iPhone Developer";
				COPY_PHASE_STRIP = YES;
				ENABLE_NS_ASSERTIONS = NO;
				ENABLE_STRICT_OBJC_MSGSEND = YES;
				GCC_C_LANGUAGE_STANDARD = gnu99;
				GCC_WARN_64_TO_32_BIT_CONVERSION = YES;
				GCC_WARN_ABOUT_RETURN_TYPE = YES_ERROR;
				GCC_WARN_UNDECLARED_SELECTOR = YES;
				GCC_WARN_UNINITIALIZED_AUTOS = YES_AGGRESSIVE;
				GCC_WARN_UNUSED_FUNCTION = YES;
				GCC_WARN_UNUSED_VARIABLE = YES;
				IPHONEOS_DEPLOYMENT_TARGET = 8.0;
				MTL_ENABLE_DEBUG_INFO = NO;
				SDKROOT = iphoneos;
				TARGETED_DEVICE_FAMILY = "1,2";
				VALIDATE_PRODUCT = YES;
			};
			name = Release;
		};
		EAA3554F1A36572A00048013 /* Debug */ = {
			isa = XCBuildConfiguration;
			buildSettings = {
				ASSETCATALOG_COMPILER_APPICON_NAME = AppIcon;
				INFOPLIST_FILE = TaskIt/Info.plist;
				LD_RUNPATH_SEARCH_PATHS = "$(inherited) @executable_path/Frameworks";
				PRODUCT_NAME = "$(TARGET_NAME)";
			};
			name = Debug;
		};
		EAA355501A36572A00048013 /* Release */ = {
			isa = XCBuildConfiguration;
			buildSettings = {
				ASSETCATALOG_COMPILER_APPICON_NAME = AppIcon;
				INFOPLIST_FILE = TaskIt/Info.plist;
				LD_RUNPATH_SEARCH_PATHS = "$(inherited) @executable_path/Frameworks";
				PRODUCT_NAME = "$(TARGET_NAME)";
			};
			name = Release;
		};
		EAA355521A36572A00048013 /* Debug */ = {
			isa = XCBuildConfiguration;
			buildSettings = {
				BUNDLE_LOADER = "$(TEST_HOST)";
				FRAMEWORK_SEARCH_PATHS = (
					"$(SDKROOT)/Developer/Library/Frameworks",
					"$(inherited)",
				);
				GCC_PREPROCESSOR_DEFINITIONS = (
					"DEBUG=1",
					"$(inherited)",
				);
				INFOPLIST_FILE = TaskItTests/Info.plist;
				LD_RUNPATH_SEARCH_PATHS = "$(inherited) @executable_path/Frameworks @loader_path/Frameworks";
				PRODUCT_NAME = "$(TARGET_NAME)";
				TEST_HOST = "$(BUILT_PRODUCTS_DIR)/TaskIt.app/TaskIt";
			};
			name = Debug;
		};
		EAA355531A36572A00048013 /* Release */ = {
			isa = XCBuildConfiguration;
			buildSettings = {
				BUNDLE_LOADER = "$(TEST_HOST)";
				FRAMEWORK_SEARCH_PATHS = (
					"$(SDKROOT)/Developer/Library/Frameworks",
					"$(inherited)",
				);
				INFOPLIST_FILE = TaskItTests/Info.plist;
				LD_RUNPATH_SEARCH_PATHS = "$(inherited) @executable_path/Frameworks @loader_path/Frameworks";
				PRODUCT_NAME = "$(TARGET_NAME)";
				TEST_HOST = "$(BUILT_PRODUCTS_DIR)/TaskIt.app/TaskIt";
			};
			name = Release;
		};
/* End XCBuildConfiguration section */

/* Begin XCConfigurationList section */
		EAA3552A1A36572900048013 /* Build configuration list for PBXProject "TaskIt" */ = {
			isa = XCConfigurationList;
			buildConfigurations = (
				EAA3554C1A36572A00048013 /* Debug */,
				EAA3554D1A36572A00048013 /* Release */,
			);
			defaultConfigurationIsVisible = 0;
			defaultConfigurationName = Release;
		};
		EAA3554E1A36572A00048013 /* Build configuration list for PBXNativeTarget "TaskIt" */ = {
			isa = XCConfigurationList;
			buildConfigurations = (
				EAA3554F1A36572A00048013 /* Debug */,
				EAA355501A36572A00048013 /* Release */,
			);
			defaultConfigurationIsVisible = 0;
			defaultConfigurationName = Release;
		};
		EAA355511A36572A00048013 /* Build configuration list for PBXNativeTarget "TaskItTests" */ = {
			isa = XCConfigurationList;
			buildConfigurations = (
				EAA355521A36572A00048013 /* Debug */,
				EAA355531A36572A00048013 /* Release */,
			);
			defaultConfigurationIsVisible = 0;
			defaultConfigurationName = Release;
		};
/* End XCConfigurationList section */

/* Begin XCVersionGroup section */
		EAFC8FF81A3DFE9B00915D2B /* TaskItModel.xcdatamodeld */ = {
			isa = XCVersionGroup;
			children = (
				EAFC8FF91A3DFE9B00915D2B /* TaskItModel.xcdatamodel */,
			);
			currentVersion = EAFC8FF91A3DFE9B00915D2B /* TaskItModel.xcdatamodel */;
			path = TaskItModel.xcdatamodeld;
			sourceTree = "<group>";
			versionGroupType = wrapper.xcdatamodel;
		};
/* End XCVersionGroup section */
	};
	rootObject = EAA355271A36572900048013 /* Project object */;
}
